# This file is autogenerated, do not edit; changes may be undone by the next 'dep ensure'.


[[projects]]
  branch = "master"
  name = "github.com/otiai10/gosseract"
  packages = ["."]
  revision = "f2033d7d95801cd99e8c748faa0cf57553086fd2"

[[projects]]
  branch = "master"
  name = "golang.org/x/image"
  packages = [
    "tiff",
    "tiff/lzw"
  ]
  revision = "f315e440302883054d0c2bd85486878cb4f8572c"

[solve-meta]
  analyzer-name = "dep"
  analyzer-version = 1
  inputs-digest = "dd3b866b006ad0d34989e3c8f0cb4c027ee5a60892ed5e6bd2fed0b99738f4a3"
  solver-name = "gps-cdcl"
  solver-version = 1
